
Microsoft Visual Studio Solution File, Format Version 12.00
# Visual Studio 15
VisualStudioVersion = 15.0.28307.329
MinimumVisualStudioVersion = 10.0.40219.1
Project("{8BC9CEB8-8B4A-11D0-8D11-00A0C91BC942}") = "SingleClientAndServer(LocalHost)", "SingleClientAndServer(LocalHost)\SingleClientAndServer(LocalHost).vcxproj", "{391C0EA1-A698-49D6-B143-1D60195FFF8C}"
EndProject
Project("{8BC9CEB8-8B4A-11D0-8D11-00A0C91BC942}") = "SingleServerAndClient(localHost)ClientCode", "SingleServerAndClient(localHost)ClientCode\SingleServerAndClient(localHost)ClientCode.vcxproj", "{3B1BE59F-6F54-4F4D-AB80-0EEAD21F5322}"
EndProject
Project("{8BC9CEB8-8B4A-11D0-8D11-00A0C91BC942}") = "TCPManager", "TCPManager\TCPManager.vcxproj", "{A06F9E26-FA5F-4EED-9C36-2C7B5133D6E5}"
EndProject
Global
	GlobalSection(SolutionConfigurationPlatforms) = preSolution
		Debug|x64 = Debug|x64
		Debug|x86 = Debug|x86
		Release|x64 = Release|x64
		Release|x86 = Release|x86
	EndGlobalSection
	GlobalSection(ProjectConfigurationPlatforms) = postSolution
		{391C0EA1-A698-49D6-B143-1D60195FFF8C}.Debug|x64.ActiveCfg = Debug|x64
		{391C0EA1-A698-49D6-B143-1D60195FFF8C}.Debug|x64.Build.0 = Debug|x64
		{391C0EA1-A698-49D6-B143-1D60195FFF8C}.Debug|x86.ActiveCfg = Debug|Win32
		{391C0EA1-A698-49D6-B143-1D60195FFF8C}.Debug|x86.Build.0 = Debug|Win32
		{391C0EA1-A698-49D6-B143-1D60195FFF8C}.Release|x64.ActiveCfg = Release|x64
		{391C0EA1-A698-49D6-B143-1D60195FFF8C}.Release|x64.Build.0 = Release|x64
		{391C0EA1-A698-49D6-B143-1D60195FFF8C}.Release|x86.ActiveCfg = Release|Win32
		{391C0EA1-A698-49D6-B143-1D60195FFF8C}.Release|x86.Build.0 = Release|Win32
		{3B1BE59F-6F54-4F4D-AB80-0EEAD21F5322}.Debug|x64.ActiveCfg = Debug|x64
		{3B1BE59F-6F54-4F4D-AB80-0EEAD21F5322}.Debug|x64.Build.0 = Debug|x64
		{3B1BE59F-6F54-4F4D-AB80-0EEAD21F5322}.Debug|x86.ActiveCfg = Debug|Win32
		{3B1BE59F-6F54-4F4D-AB80-0EEAD21F5322}.Debug|x86.Build.0 = Debug|Win32
		{3B1BE59F-6F54-4F4D-AB80-0EEAD21F5322}.Release|x64.ActiveCfg = Release|x64
		{3B1BE59F-6F54-4F4D-AB80-0EEAD21F5322}.Release|x64.Build.0 = Release|x64
		{3B1BE59F-6F54-4F4D-AB80-0EEAD21F5322}.Release|x86.ActiveCfg = Release|Win32
		{3B1BE59F-6F54-4F4D-AB80-0EEAD21F5322}.Release|x86.Build.0 = Release|Win32
		{A06F9E26-FA5F-4EED-9C36-2C7B5133D6E5}.Debug|x64.ActiveCfg = Debug|x64
		{A06F9E26-FA5F-4EED-9C36-2C7B5133D6E5}.Debug|x64.Build.0 = Debug|x64
		{A06F9E26-FA5F-4EED-9C36-2C7B5133D6E5}.Debug|x86.ActiveCfg = Debug|Win32
		{A06F9E26-FA5F-4EED-9C36-2C7B5133D6E5}.Debug|x86.Build.0 = Debug|Win32
		{A06F9E26-FA5F-4EED-9C36-2C7B5133D6E5}.Release|x64.ActiveCfg = Release|x64
		{A06F9E26-FA5F-4EED-9C36-2C7B5133D6E5}.Release|x64.Build.0 = Release|x64
		{A06F9E26-FA5F-4EED-9C36-2C7B5133D6E5}.Release|x86.ActiveCfg = Release|Win32
		{A06F9E26-FA5F-4EED-9C36-2C7B5133D6E5}.Release|x86.Build.0 = Release|Win32
	EndGlobalSection
	GlobalSection(SolutionProperties) = preSolution
		HideSolutionNode = FALSE
	EndGlobalSection
	GlobalSection(ExtensibilityGlobals) = postSolution
		SolutionGuid = {E929B4E5-8149-446D-A738-619F5EDEAC09}
	EndGlobalSection
EndGlobal
